
Microsoft Visual Studio Solution File, Format Version 12.00
# Visual Studio Version 16
VisualStudioVersion = 16.0.30011.22
MinimumVisualStudioVersion = 10.0.40219.1
Project("{FAE04EC0-301F-11D3-BF4B-00C04F79EFBC}") = "Proyecto", "Proyecto\Proyecto.csproj", "{5C8F6007-E3B9-4257-8500-1FBD06BE4755}"
EndProject
Project("{FAE04EC0-301F-11D3-BF4B-00C04F79EFBC}") = "BEUProyecto", "BEUProyecto\BEUProyecto.csproj", "{F48858B7-0796-454B-96AE-FD80AB890CA0}"
EndProject
Global
	GlobalSection(SolutionConfigurationPlatforms) = preSolution
		Debug|Any CPU = Debug|Any CPU
		Release|Any CPU = Release|Any CPU
	EndGlobalSection
	GlobalSection(ProjectConfigurationPlatforms) = postSolution
		{5C8F6007-E3B9-4257-8500-1FBD06BE4755}.Debug|Any CPU.ActiveCfg = Debug|Any CPU
		{5C8F6007-E3B9-4257-8500-1FBD06BE4755}.Debug|Any CPU.Build.0 = Debug|Any CPU
		{5C8F6007-E3B9-4257-8500-1FBD06BE4755}.Release|Any CPU.ActiveCfg = Release|Any CPU
		{5C8F6007-E3B9-4257-8500-1FBD06BE4755}.Release|Any CPU.Build.0 = Release|Any CPU
		{F48858B7-0796-454B-96AE-FD80AB890CA0}.Debug|Any CPU.ActiveCfg = Debug|Any CPU
		{F48858B7-0796-454B-96AE-FD80AB890CA0}.Debug|Any CPU.Build.0 = Debug|Any CPU
		{F48858B7-0796-454B-96AE-FD80AB890CA0}.Release|Any CPU.ActiveCfg = Release|Any CPU
		{F48858B7-0796-454B-96AE-FD80AB890CA0}.Release|Any CPU.Build.0 = Release|Any CPU
	EndGlobalSection
	GlobalSection(SolutionProperties) = preSolution
		HideSolutionNode = FALSE
	EndGlobalSection
	GlobalSection(ExtensibilityGlobals) = postSolution
		SolutionGuid = {307269D4-C641-458F-949A-CF06953542BD}
	EndGlobalSection
EndGlobal
